
Microsoft Visual Studio Solution File, Format Version 12.00
# Visual Studio Version 16
VisualStudioVersion = 16.0.30225.117
MinimumVisualStudioVersion = 10.0.40219.1
Project("{FAE04EC0-301F-11D3-BF4B-00C04F79EFBC}") = "DialCommuna", "DialCommuna\DialCommuna.csproj", "{B155190C-39C6-4BFF-89C6-2D5B1C98C19B}"
EndProject
Project("{FAE04EC0-301F-11D3-BF4B-00C04F79EFBC}") = "TestPoligon", "TestPoligon\TestPoligon.csproj", "{ED4C194A-E09F-47FD-9221-9C634AD90747}"
EndProject
Global
	GlobalSection(SolutionConfigurationPlatforms) = preSolution
		Debug|Any CPU = Debug|Any CPU
		Release|Any CPU = Release|Any CPU
	EndGlobalSection
	GlobalSection(ProjectConfigurationPlatforms) = postSolution
		{B155190C-39C6-4BFF-89C6-2D5B1C98C19B}.Debug|Any CPU.ActiveCfg = Debug|Any CPU
		{B155190C-39C6-4BFF-89C6-2D5B1C98C19B}.Debug|Any CPU.Build.0 = Debug|Any CPU
		{B155190C-39C6-4BFF-89C6-2D5B1C98C19B}.Release|Any CPU.ActiveCfg = Release|Any CPU
		{B155190C-39C6-4BFF-89C6-2D5B1C98C19B}.Release|Any CPU.Build.0 = Release|Any CPU
		{ED4C194A-E09F-47FD-9221-9C634AD90747}.Debug|Any CPU.ActiveCfg = Debug|Any CPU
		{ED4C194A-E09F-47FD-9221-9C634AD90747}.Debug|Any CPU.Build.0 = Debug|Any CPU
		{ED4C194A-E09F-47FD-9221-9C634AD90747}.Release|Any CPU.ActiveCfg = Release|Any CPU
		{ED4C194A-E09F-47FD-9221-9C634AD90747}.Release|Any CPU.Build.0 = Release|Any CPU
	EndGlobalSection
	GlobalSection(SolutionProperties) = preSolution
		HideSolutionNode = FALSE
	EndGlobalSection
	GlobalSection(ExtensibilityGlobals) = postSolution
		SolutionGuid = {BC6FED04-5FA1-496A-AC19-337990948BC4}
	EndGlobalSection
EndGlobal
