
Microsoft Visual Studio Solution File, Format Version 12.00
# Visual Studio Version 16
VisualStudioVersion = 16.0.30128.74
MinimumVisualStudioVersion = 10.0.40219.1
Project("{FAE04EC0-301F-11D3-BF4B-00C04F79EFBC}") = "MultiPtesenterExp", "MultiPtesenterExp\MultiPtesenterExp.csproj", "{63CD000E-2050-4DA0-BD40-3FF85355E619}"
EndProject
Global
	GlobalSection(SolutionConfigurationPlatforms) = preSolution
		Debug|Any CPU = Debug|Any CPU
		Release|Any CPU = Release|Any CPU
	EndGlobalSection
	GlobalSection(ProjectConfigurationPlatforms) = postSolution
		{63CD000E-2050-4DA0-BD40-3FF85355E619}.Debug|Any CPU.ActiveCfg = Debug|Any CPU
		{63CD000E-2050-4DA0-BD40-3FF85355E619}.Debug|Any CPU.Build.0 = Debug|Any CPU
		{63CD000E-2050-4DA0-BD40-3FF85355E619}.Release|Any CPU.ActiveCfg = Release|Any CPU
		{63CD000E-2050-4DA0-BD40-3FF85355E619}.Release|Any CPU.Build.0 = Release|Any CPU
	EndGlobalSection
	GlobalSection(SolutionProperties) = preSolution
		HideSolutionNode = FALSE
	EndGlobalSection
	GlobalSection(ExtensibilityGlobals) = postSolution
		SolutionGuid = {B1691380-5430-4E43-B678-411E53F8BF32}
	EndGlobalSection
EndGlobal
