
Microsoft Visual Studio Solution File, Format Version 12.00
# Visual Studio Version 16
VisualStudioVersion = 16.0.30128.74
MinimumVisualStudioVersion = 10.0.40219.1
Project("{FAE04EC0-301F-11D3-BF4B-00C04F79EFBC}") = "WindowsFormsApp1", "WindowsFormsApp1\WindowsFormsApp1.csproj", "{059777D4-49DC-47EB-8715-2EE3DDCFCF22}"
EndProject
Global
	GlobalSection(SolutionConfigurationPlatforms) = preSolution
		Debug|Any CPU = Debug|Any CPU
		Release|Any CPU = Release|Any CPU
	EndGlobalSection
	GlobalSection(ProjectConfigurationPlatforms) = postSolution
		{059777D4-49DC-47EB-8715-2EE3DDCFCF22}.Debug|Any CPU.ActiveCfg = Debug|Any CPU
		{059777D4-49DC-47EB-8715-2EE3DDCFCF22}.Debug|Any CPU.Build.0 = Debug|Any CPU
		{059777D4-49DC-47EB-8715-2EE3DDCFCF22}.Release|Any CPU.ActiveCfg = Release|Any CPU
		{059777D4-49DC-47EB-8715-2EE3DDCFCF22}.Release|Any CPU.Build.0 = Release|Any CPU
	EndGlobalSection
	GlobalSection(SolutionProperties) = preSolution
		HideSolutionNode = FALSE
	EndGlobalSection
	GlobalSection(ExtensibilityGlobals) = postSolution
		SolutionGuid = {8DF793B8-E028-4E18-BC34-FCF6DB0F36B5}
	EndGlobalSection
EndGlobal
